// !$*UTF8*$!
{
	archiveVersion = 1;
	classes = {
	};
	objectVersion = 50;
	objects = {

/* Begin PBXBuildFile section */
		388DDC072436C15E00E03138 /* AppDelegate.swift in Sources */ = {isa = PBXBuildFile; fileRef = 388DDC062436C15E00E03138 /* AppDelegate.swift */; };
		388DDC092436C15E00E03138 /* SceneDelegate.swift in Sources */ = {isa = PBXBuildFile; fileRef = 388DDC082436C15E00E03138 /* SceneDelegate.swift */; };
		388DDC0C2436C15E00E03138 /* ProgressiveMetronome.xcdatamodeld in Sources */ = {isa = PBXBuildFile; fileRef = 388DDC0A2436C15E00E03138 /* ProgressiveMetronome.xcdatamodeld */; };
		388DDC0E2436C15E00E03138 /* ContentView.swift in Sources */ = {isa = PBXBuildFile; fileRef = 388DDC0D2436C15E00E03138 /* ContentView.swift */; };
		388DDC102436C16000E03138 /* Assets.xcassets in Resources */ = {isa = PBXBuildFile; fileRef = 388DDC0F2436C16000E03138 /* Assets.xcassets */; };
		388DDC162436C16000E03138 /* LaunchScreen.storyboard in Resources */ = {isa = PBXBuildFile; fileRef = 388DDC142436C16000E03138 /* LaunchScreen.storyboard */; };
		388DDC212436C16000E03138 /* ProgressiveMetronomeTests.swift in Sources */ = {isa = PBXBuildFile; fileRef = 388DDC202436C16000E03138 /* ProgressiveMetronomeTests.swift */; };
		388DDC2C2436C16000E03138 /* ProgressiveMetronomeUITests.swift in Sources */ = {isa = PBXBuildFile; fileRef = 388DDC2B2436C16000E03138 /* ProgressiveMetronomeUITests.swift */; };
/* End PBXBuildFile section */

/* Begin PBXContainerItemProxy section */
		388DDC1D2436C16000E03138 /* PBXContainerItemProxy */ = {
			isa = PBXContainerItemProxy;
			containerPortal = 388DDBFB2436C15E00E03138 /* Project object */;
			proxyType = 1;
			remoteGlobalIDString = 388DDC022436C15E00E03138;
			remoteInfo = ProgressiveMetronome;
		};
		388DDC282436C16000E03138 /* PBXContainerItemProxy */ = {
			isa = PBXContainerItemProxy;
			containerPortal = 388DDBFB2436C15E00E03138 /* Project object */;
			proxyType = 1;
			remoteGlobalIDString = 388DDC022436C15E00E03138;
			remoteInfo = ProgressiveMetronome;
		};
/* End PBXContainerItemProxy section */

/* Begin PBXFileReference section */
		388DDC032436C15E00E03138 /* ProgressiveMetronome.app */ = {isa = PBXFileReference; explicitFileType = wrapper.application; includeInIndex = 0; path = ProgressiveMetronome.app; sourceTree = BUILT_PRODUCTS_DIR; };
		388DDC062436C15E00E03138 /* AppDelegate.swift */ = {isa = PBXFileReference; lastKnownFileType = sourcecode.swift; path = AppDelegate.swift; sourceTree = "<group>"; };
		388DDC082436C15E00E03138 /* SceneDelegate.swift */ = {isa = PBXFileReference; lastKnownFileType = sourcecode.swift; path = SceneDelegate.swift; sourceTree = "<group>"; };
		388DDC0B2436C15E00E03138 /* ProgressiveMetronome.xcdatamodel */ = {isa = PBXFileReference; lastKnownFileType = wrapper.xcdatamodel; path = ProgressiveMetronome.xcdatamodel; sourceTree = "<group>"; };
		388DDC0D2436C15E00E03138 /* ContentView.swift */ = {isa = PBXFileReference; lastKnownFileType = sourcecode.swift; path = ContentView.swift; sourceTree = "<group>"; };
		388DDC0F2436C16000E03138 /* Assets.xcassets */ = {isa = PBXFileReference; lastKnownFileType = folder.assetcatalog; path = Assets.xcassets; sourceTree = "<group>"; };
		388DDC152436C16000E03138 /* Base */ = {isa = PBXFileReference; lastKnownFileType = file.storyboard; name = Base; path = Base.lproj/LaunchScreen.storyboard; sourceTree = "<group>"; };
		388DDC172436C16000E03138 /* Info.plist */ = {isa = PBXFileReference; lastKnownFileType = text.plist.xml; path = Info.plist; sourceTree = "<group>"; };
		388DDC1C2436C16000E03138 /* ProgressiveMetronomeTests.xctest */ = {isa = PBXFileReference; explicitFileType = wrapper.cfbundle; includeInIndex = 0; path = ProgressiveMetronomeTests.xctest; sourceTree = BUILT_PRODUCTS_DIR; };
		388DDC202436C16000E03138 /* ProgressiveMetronomeTests.swift */ = {isa = PBXFileReference; lastKnownFileType = sourcecode.swift; path = ProgressiveMetronomeTests.swift; sourceTree = "<group>"; };
		388DDC222436C16000E03138 /* Info.plist */ = {isa = PBXFileReference; lastKnownFileType = text.plist.xml; path = Info.plist; sourceTree = "<group>"; };
		388DDC272436C16000E03138 /* ProgressiveMetronomeUITests.xctest */ = {isa = PBXFileReference; explicitFileType = wrapper.cfbundle; includeInIndex = 0; path = ProgressiveMetronomeUITests.xctest; sourceTree = BUILT_PRODUCTS_DIR; };
		388DDC2B2436C16000E03138 /* ProgressiveMetronomeUITests.swift */ = {isa = PBXFileReference; lastKnownFileType = sourcecode.swift; path = ProgressiveMetronomeUITests.swift; sourceTree = "<group>"; };
		388DDC2D2436C16000E03138 /* Info.plist */ = {isa = PBXFileReference; lastKnownFileType = text.plist.xml; path = Info.plist; sourceTree = "<group>"; };
/* End PBXFileReference section */

/* Begin PBXFrameworksBuildPhase section */
		388DDC002436C15E00E03138 /* Frameworks */ = {
			isa = PBXFrameworksBuildPhase;
			buildActionMask = 2147483647;
			files = (
			);
			runOnlyForDeploymentPostprocessing = 0;
		};
		388DDC192436C16000E03138 /* Frameworks */ = {
			isa = PBXFrameworksBuildPhase;
			buildActionMask = 2147483647;
			files = (
			);
			runOnlyForDeploymentPostprocessing = 0;
		};
		388DDC242436C16000E03138 /* Frameworks */ = {
			isa = PBXFrameworksBuildPhase;
			buildActionMask = 2147483647;
			files = (
			);
			runOnlyForDeploymentPostprocessing = 0;
		};
/* End PBXFrameworksBuildPhase section */

/* Begin PBXGroup section */
		388DDBFA2436C15E00E03138 = {
			isa = PBXGroup;
			children = (
				388DDC052436C15E00E03138 /* ProgressiveMetronome */,
				388DDC1F2436C16000E03138 /* ProgressiveMetronomeTests */,
				388DDC2A2436C16000E03138 /* ProgressiveMetronomeUITests */,
				388DDC042436C15E00E03138 /* Products */,
			);
			sourceTree = "<group>";
		};
		388DDC042436C15E00E03138 /* Products */ = {
			isa = PBXGroup;
			children = (
				388DDC032436C15E00E03138 /* ProgressiveMetronome.app */,
				388DDC1C2436C16000E03138 /* ProgressiveMetronomeTests.xctest */,
				388DDC272436C16000E03138 /* ProgressiveMetronomeUITests.xctest */,
			);
			name = Products;
			sourceTree = "<group>";
		};
		388DDC052436C15E00E03138 /* ProgressiveMetronome */ = {
			isa = PBXGroup;
			children = (
				388DDC062436C15E00E03138 /* AppDelegate.swift */,
				388DDC082436C15E00E03138 /* SceneDelegate.swift */,
				388DDC0D2436C15E00E03138 /* ContentView.swift */,
				388DDC0F2436C16000E03138 /* Assets.xcassets */,
				388DDC142436C16000E03138 /* LaunchScreen.storyboard */,
				388DDC172436C16000E03138 /* Info.plist */,
				388DDC0A2436C15E00E03138 /* ProgressiveMetronome.xcdatamodeld */,
			);
			path = ProgressiveMetronome;
			sourceTree = "<group>";
		};
		388DDC1F2436C16000E03138 /* ProgressiveMetronomeTests */ = {
			isa = PBXGroup;
			children = (
				388DDC202436C16000E03138 /* ProgressiveMetronomeTests.swift */,
				388DDC222436C16000E03138 /* Info.plist */,
			);
			path = ProgressiveMetronomeTests;
			sourceTree = "<group>";
		};
		388DDC2A2436C16000E03138 /* ProgressiveMetronomeUITests */ = {
			isa = PBXGroup;
			children = (
				388DDC2B2436C16000E03138 /* ProgressiveMetronomeUITests.swift */,
				388DDC2D2436C16000E03138 /* Info.plist */,
			);
			path = ProgressiveMetronomeUITests;
			sourceTree = "<group>";
		};
/* End PBXGroup section */

/* Begin PBXNativeTarget section */
		388DDC022436C15E00E03138 /* ProgressiveMetronome */ = {
			isa = PBXNativeTarget;
			buildConfigurationList = 388DDC302436C16000E03138 /* Build configuration list for PBXNativeTarget "ProgressiveMetronome" */;
			buildPhases = (
				388DDBFF2436C15E00E03138 /* Sources */,
				388DDC002436C15E00E03138 /* Frameworks */,
				388DDC012436C15E00E03138 /* Resources */,
			);
			buildRules = (
			);
			dependencies = (
			);
			name = ProgressiveMetronome;
			productName = ProgressiveMetronome;
			productReference = 388DDC032436C15E00E03138 /* ProgressiveMetronome.app */;
			productType = "com.apple.product-type.application";
		};
		388DDC1B2436C16000E03138 /* ProgressiveMetronomeTests */ = {
			isa = PBXNativeTarget;
			buildConfigurationList = 388DDC332436C16000E03138 /* Build configuration list for PBXNativeTarget "ProgressiveMetronomeTests" */;
			buildPhases = (
				388DDC182436C16000E03138 /* Sources */,
				388DDC192436C16000E03138 /* Frameworks */,
				388DDC1A2436C16000E03138 /* Resources */,
			);
			buildRules = (
			);
			dependencies = (
				388DDC1E2436C16000E03138 /* PBXTargetDependency */,
			);
			name = ProgressiveMetronomeTests;
			productName = ProgressiveMetronomeTests;
			productReference = 388DDC1C2436C16000E03138 /* ProgressiveMetronomeTests.xctest */;
			productType = "com.apple.product-type.bundle.unit-test";
		};
		388DDC262436C16000E03138 /* ProgressiveMetronomeUITests */ = {
			isa = PBXNativeTarget;
			buildConfigurationList = 388DDC362436C16000E03138 /* Build configuration list for PBXNativeTarget "ProgressiveMetronomeUITests" */;
			buildPhases = (
				388DDC232436C16000E03138 /* Sources */,
				388DDC242436C16000E03138 /* Frameworks */,
				388DDC252436C16000E03138 /* Resources */,
			);
			buildRules = (
			);
			dependencies = (
				388DDC292436C16000E03138 /* PBXTargetDependency */,
			);
			name = ProgressiveMetronomeUITests;
			productName = ProgressiveMetronomeUITests;
			productReference = 388DDC272436C16000E03138 /* ProgressiveMetronomeUITests.xctest */;
			productType = "com.apple.product-type.bundle.ui-testing";
		};
/* End PBXNativeTarget section */

/* Begin PBXProject section */
		388DDBFB2436C15E00E03138 /* Project object */ = {
			isa = PBXProject;
			attributes = {
				LastSwiftUpdateCheck = 1140;
				LastUpgradeCheck = 1140;
				ORGANIZATIONNAME = "Michael Condon";
				TargetAttributes = {
					388DDC022436C15E00E03138 = {
						CreatedOnToolsVersion = 11.4;
					};
					388DDC1B2436C16000E03138 = {
						CreatedOnToolsVersion = 11.4;
						TestTargetID = 388DDC022436C15E00E03138;
					};
					388DDC262436C16000E03138 = {
						CreatedOnToolsVersion = 11.4;
						TestTargetID = 388DDC022436C15E00E03138;
					};
				};
			};
			buildConfigurationList = 388DDBFE2436C15E00E03138 /* Build configuration list for PBXProject "ProgressiveMetronome" */;
			compatibilityVersion = "Xcode 9.3";
			developmentRegion = en;
			hasScannedForEncodings = 0;
			knownRegions = (
				en,
				Base,
			);
			mainGroup = 388DDBFA2436C15E00E03138;
			productRefGroup = 388DDC042436C15E00E03138 /* Products */;
			projectDirPath = "";
			projectRoot = "";
			targets = (
				388DDC022436C15E00E03138 /* ProgressiveMetronome */,
				388DDC1B2436C16000E03138 /* ProgressiveMetronomeTests */,
				388DDC262436C16000E03138 /* ProgressiveMetronomeUITests */,
			);
		};
/* End PBXProject section */

/* Begin PBXResourcesBuildPhase section */
		388DDC012436C15E00E03138 /* Resources */ = {
			isa = PBXResourcesBuildPhase;
			buildActionMask = 2147483647;
			files = (
				388DDC162436C16000E03138 /* LaunchScreen.storyboard in Resources */,
				388DDC102436C16000E03138 /* Assets.xcassets in Resources */,
			);
			runOnlyForDeploymentPostprocessing = 0;
		};
		388DDC1A2436C16000E03138 /* Resources */ = {
			isa = PBXResourcesBuildPhase;
			buildActionMask = 2147483647;
			files = (
			);
			runOnlyForDeploymentPostprocessing = 0;
		};
		388DDC252436C16000E03138 /* Resources */ = {
			isa = PBXResourcesBuildPhase;
			buildActionMask = 2147483647;
			files = (
			);
			runOnlyForDeploymentPostprocessing = 0;
		};
/* End PBXResourcesBuildPhase section */

/* Begin PBXSourcesBuildPhase section */
		388DDBFF2436C15E00E03138 /* Sources */ = {
			isa = PBXSourcesBuildPhase;
			buildActionMask = 2147483647;
			files = (
				388DDC0C2436C15E00E03138 /* ProgressiveMetronome.xcdatamodeld in Sources */,
				388DDC072436C15E00E03138 /* AppDelegate.swift in Sources */,
				388DDC0E2436C15E00E03138 /* ContentView.swift in Sources */,
				388DDC092436C15E00E03138 /* SceneDelegate.swift in Sources */,
			);
			runOnlyForDeploymentPostprocessing = 0;
		};
		388DDC182436C16000E03138 /* Sources */ = {
			isa = PBXSourcesBuildPhase;
			buildActionMask = 2147483647;
			files = (
				388DDC212436C16000E03138 /* ProgressiveMetronomeTests.swift in Sources */,
			);
			runOnlyForDeploymentPostprocessing = 0;
		};
		388DDC232436C16000E03138 /* Sources */ = {
			isa = PBXSourcesBuildPhase;
			buildActionMask = 2147483647;
			files = (
				388DDC2C2436C16000E03138 /* ProgressiveMetronomeUITests.swift in Sources */,
			);
			runOnlyForDeploymentPostprocessing = 0;
		};
/* End PBXSourcesBuildPhase section */

/* Begin PBXTargetDependency section */
		388DDC1E2436C16000E03138 /* PBXTargetDependency */ = {
			isa = PBXTargetDependency;
			target = 388DDC022436C15E00E03138 /* ProgressiveMetronome */;
			targetProxy = 388DDC1D2436C16000E03138 /* PBXContainerItemProxy */;
		};
		388DDC292436C16000E03138 /* PBXTargetDependency */ = {
			isa = PBXTargetDependency;
			target = 388DDC022436C15E00E03138 /* ProgressiveMetronome */;
			targetProxy = 388DDC282436C16000E03138 /* PBXContainerItemProxy */;
		};
/* End PBXTargetDependency section */

/* Begin PBXVariantGroup section */
		388DDC142436C16000E03138 /* LaunchScreen.storyboard */ = {
			isa = PBXVariantGroup;
			children = (
				388DDC152436C16000E03138 /* Base */,
			);
			name = LaunchScreen.storyboard;
			sourceTree = "<group>";
		};
/* End PBXVariantGroup section */

/* Begin XCBuildConfiguration section */
		388DDC2E2436C16000E03138 /* Debug */ = {
			isa = XCBuildConfiguration;
			buildSettings = {
				ALWAYS_SEARCH_USER_PATHS = NO;
				CLANG_ANALYZER_NONNULL = YES;
				CLANG_ANALYZER_NUMBER_OBJECT_CONVERSION = YES_AGGRESSIVE;
				CLANG_CXX_LANGUAGE_STANDARD = "gnu++14";
				CLANG_CXX_LIBRARY = "libc++";
				CLANG_ENABLE_MODULES = YES;
				CLANG_ENABLE_OBJC_ARC = YES;
				CLANG_ENABLE_OBJC_WEAK = YES;
				CLANG_WARN_BLOCK_CAPTURE_AUTORELEASING = YES;
				CLANG_WARN_BOOL_CONVERSION = YES;
				CLANG_WARN_COMMA = YES;
				CLANG_WARN_CONSTANT_CONVERSION = YES;
				CLANG_WARN_DEPRECATED_OBJC_IMPLEMENTATIONS = YES;
				CLANG_WARN_DIRECT_OBJC_ISA_USAGE = YES_ERROR;
				CLANG_WARN_DOCUMENTATION_COMMENTS = YES;
				CLANG_WARN_EMPTY_BODY = YES;
				CLANG_WARN_ENUM_CONVERSION = YES;
				CLANG_WARN_INFINITE_RECURSION = YES;
				CLANG_WARN_INT_CONVERSION = YES;
				CLANG_WARN_NON_LITERAL_NULL_CONVERSION = YES;
				CLANG_WARN_OBJC_IMPLICIT_RETAIN_SELF = YES;
				CLANG_WARN_OBJC_LITERAL_CONVERSION = YES;
				CLANG_WARN_OBJC_ROOT_CLASS = YES_ERROR;
				CLANG_WARN_RANGE_LOOP_ANALYSIS = YES;
				CLANG_WARN_STRICT_PROTOTYPES = YES;
				CLANG_WARN_SUSPICIOUS_MOVE = YES;
				CLANG_WARN_UNGUARDED_AVAILABILITY = YES_AGGRESSIVE;
				CLANG_WARN_UNREACHABLE_CODE = YES;
				CLANG_WARN__DUPLICATE_METHOD_MATCH = YES;
				COPY_PHASE_STRIP = NO;
				DEBUG_INFORMATION_FORMAT = dwarf;
				ENABLE_STRICT_OBJC_MSGSEND = YES;
				ENABLE_TESTABILITY = YES;
				GCC_C_LANGUAGE_STANDARD = gnu11;
				GCC_DYNAMIC_NO_PIC = NO;
				GCC_NO_COMMON_BLOCKS = YES;
				GCC_OPTIMIZATION_LEVEL = 0;
				GCC_PREPROCESSOR_DEFINITIONS = (
					"DEBUG=1",
					"$(inherited)",
				);
				GCC_WARN_64_TO_32_BIT_CONVERSION = YES;
				GCC_WARN_ABOUT_RETURN_TYPE = YES_ERROR;
				GCC_WARN_UNDECLARED_SELECTOR = YES;
				GCC_WARN_UNINITIALIZED_AUTOS = YES_AGGRESSIVE;
				GCC_WARN_UNUSED_FUNCTION = YES;
				GCC_WARN_UNUSED_VARIABLE = YES;
				IPHONEOS_DEPLOYMENT_TARGET = 13.4;
				MTL_ENABLE_DEBUG_INFO = INCLUDE_SOURCE;
				MTL_FAST_MATH = YES;
				ONLY_ACTIVE_ARCH = YES;
				SDKROOT = iphoneos;
				SWIFT_ACTIVE_COMPILATION_CONDITIONS = DEBUG;
				SWIFT_OPTIMIZATION_LEVEL = "-Onone";
			};
			name = Debug;
		};
		388DDC2F2436C16000E03138 /* Release */ = {
			isa = XCBuildConfiguration;
			buildSettings = {
				ALWAYS_SEARCH_USER_PATHS = NO;
				CLANG_ANALYZER_NONNULL = YES;
				CLANG_ANALYZER_NUMBER_OBJECT_CONVERSION = YES_AGGRESSIVE;
				CLANG_CXX_LANGUAGE_STANDARD = "gnu++14";
				CLANG_CXX_LIBRARY = "libc++";
				CLANG_ENABLE_MODULES = YES;
				CLANG_ENABLE_OBJC_ARC = YES;
				CLANG_ENABLE_OBJC_WEAK = YES;
				CLANG_WARN_BLOCK_CAPTURE_AUTORELEASING = YES;
				CLANG_WARN_BOOL_CONVERSION = YES;
				CLANG_WARN_COMMA = YES;
				CLANG_WARN_CONSTANT_CONVERSION = YES;
				CLANG_WARN_DEPRECATED_OBJC_IMPLEMENTATIONS = YES;
				CLANG_WARN_DIRECT_OBJC_ISA_USAGE = YES_ERROR;
				CLANG_WARN_DOCUMENTATION_COMMENTS = YES;
				CLANG_WARN_EMPTY_BODY = YES;
				CLANG_WARN_ENUM_CONVERSION = YES;
				CLANG_WARN_INFINITE_RECURSION = YES;
				CLANG_WARN_INT_CONVERSION = YES;
				CLANG_WARN_NON_LITERAL_NULL_CONVERSION = YES;
				CLANG_WARN_OBJC_IMPLICIT_RETAIN_SELF = YES;
				CLANG_WARN_OBJC_LITERAL_CONVERSION = YES;
				CLANG_WARN_OBJC_ROOT_CLASS = YES_ERROR;
				CLANG_WARN_RANGE_LOOP_ANALYSIS = YES;
				CLANG_WARN_STRICT_PROTOTYPES = YES;
				CLANG_WARN_SUSPICIOUS_MOVE = YES;
				CLANG_WARN_UNGUARDED_AVAILABILITY = YES_AGGRESSIVE;
				CLANG_WARN_UNREACHABLE_CODE = YES;
				CLANG_WARN__DUPLICATE_METHOD_MATCH = YES;
				COPY_PHASE_STRIP = NO;
				DEBUG_INFORMATION_FORMAT = "dwarf-with-dsym";
				ENABLE_NS_ASSERTIONS = NO;
				ENABLE_STRICT_OBJC_MSGSEND = YES;
				GCC_C_LANGUAGE_STANDARD = gnu11;
				GCC_NO_COMMON_BLOCKS = YES;
				GCC_WARN_64_TO_32_BIT_CONVERSION = YES;
				GCC_WARN_ABOUT_RETURN_TYPE = YES_ERROR;
				GCC_WARN_UNDECLARED_SELECTOR = YES;
				GCC_WARN_UNINITIALIZED_AUTOS = YES_AGGRESSIVE;
				GCC_WARN_UNUSED_FUNCTION = YES;
				GCC_WARN_UNUSED_VARIABLE = YES;
				IPHONEOS_DEPLOYMENT_TARGET = 13.4;
				MTL_ENABLE_DEBUG_INFO = NO;
				MTL_FAST_MATH = YES;
				SDKROOT = iphoneos;
				SWIFT_COMPILATION_MODE = wholemodule;
				SWIFT_OPTIMIZATION_LEVEL = "-O";
				VALIDATE_PRODUCT = YES;
			};
			name = Release;
		};
		388DDC312436C16000E03138 /* Debug */ = {
			isa = XCBuildConfiguration;
			buildSettings = {
				ASSETCATALOG_COMPILER_APPICON_NAME = AppIcon;
				CODE_SIGN_STYLE = Automatic;
				DEVELOPMENT_TEAM = NPX6WTX5FR;
				ENABLE_PREVIEWS = YES;
				INFOPLIST_FILE = ProgressiveMetronome/Info.plist;
				LD_RUNPATH_SEARCH_PATHS = (
					"$(inherited)",
					"@executable_path/Frameworks",
				);
				PRODUCT_BUNDLE_IDENTIFIER = com.MichaelCondon.ProgressiveMetronome;
				PRODUCT_NAME = "$(TARGET_NAME)";
				SWIFT_VERSION = 5.0;
				TARGETED_DEVICE_FAMILY = "1,2";
			};
			name = Debug;
		};
		388DDC322436C16000E03138 /* Release */ = {
			isa = XCBuildConfiguration;
			buildSettings = {
				ASSETCATALOG_COMPILER_APPICON_NAME = AppIcon;
				CODE_SIGN_STYLE = Automatic;
				DEVELOPMENT_TEAM = NPX6WTX5FR;
				ENABLE_PREVIEWS = YES;
				INFOPLIST_FILE = ProgressiveMetronome/Info.plist;
				LD_RUNPATH_SEARCH_PATHS = (
					"$(inherited)",
					"@executable_path/Frameworks",
				);
				PRODUCT_BUNDLE_IDENTIFIER = com.MichaelCondon.ProgressiveMetronome;
				PRODUCT_NAME = "$(TARGET_NAME)";
				SWIFT_VERSION = 5.0;
				TARGETED_DEVICE_FAMILY = "1,2";
			};
			name = Release;
		};
		388DDC342436C16000E03138 /* Debug */ = {
			isa = XCBuildConfiguration;
			buildSettings = {
				ALWAYS_EMBED_SWIFT_STANDARD_LIBRARIES = YES;
				BUNDLE_LOADER = "$(TEST_HOST)";
				CODE_SIGN_STYLE = Automatic;
				DEVELOPMENT_TEAM = NPX6WTX5FR;
				INFOPLIST_FILE = ProgressiveMetronomeTests/Info.plist;
				IPHONEOS_DEPLOYMENT_TARGET = 13.4;
				LD_RUNPATH_SEARCH_PATHS = (
					"$(inherited)",
					"@executable_path/Frameworks",
					"@loader_path/Frameworks",
				);
				PRODUCT_BUNDLE_IDENTIFIER = com.MichaelCondon.ProgressiveMetronomeTests;
				PRODUCT_NAME = "$(TARGET_NAME)";
				SWIFT_VERSION = 5.0;
				TARGETED_DEVICE_FAMILY = "1,2";
				TEST_HOST = "$(BUILT_PRODUCTS_DIR)/ProgressiveMetronome.app/ProgressiveMetronome";
			};
			name = Debug;
		};
		388DDC352436C16000E03138 /* Release */ = {
			isa = XCBuildConfiguration;
			buildSettings = {
				ALWAYS_EMBED_SWIFT_STANDARD_LIBRARIES = YES;
				BUNDLE_LOADER = "$(TEST_HOST)";
				CODE_SIGN_STYLE = Automatic;
				DEVELOPMENT_TEAM = NPX6WTX5FR;
				INFOPLIST_FILE = ProgressiveMetronomeTests/Info.plist;
				IPHONEOS_DEPLOYMENT_TARGET = 13.4;
				LD_RUNPATH_SEARCH_PATHS = (
					"$(inherited)",
					"@executable_path/Frameworks",
					"@loader_path/Frameworks",
				);
				PRODUCT_BUNDLE_IDENTIFIER = com.MichaelCondon.ProgressiveMetronomeTests;
				PRODUCT_NAME = "$(TARGET_NAME)";
				SWIFT_VERSION = 5.0;
				TARGETED_DEVICE_FAMILY = "1,2";
				TEST_HOST = "$(BUILT_PRODUCTS_DIR)/ProgressiveMetronome.app/ProgressiveMetronome";
			};
			name = Release;
		};
		388DDC372436C16000E03138 /* Debug */ = {
			isa = XCBuildConfiguration;
			buildSettings = {
				ALWAYS_EMBED_SWIFT_STANDARD_LIBRARIES = YES;
				CODE_SIGN_STYLE = Automatic;
				DEVELOPMENT_TEAM = NPX6WTX5FR;
				INFOPLIST_FILE = ProgressiveMetronomeUITests/Info.plist;
				LD_RUNPATH_SEARCH_PATHS = (
					"$(inherited)",
					"@executable_path/Frameworks",
					"@loader_path/Frameworks",
				);
				PRODUCT_BUNDLE_IDENTIFIER = com.MichaelCondon.ProgressiveMetronomeUITests;
				PRODUCT_NAME = "$(TARGET_NAME)";
				SWIFT_VERSION = 5.0;
				TARGETED_DEVICE_FAMILY = "1,2";
				TEST_TARGET_NAME = ProgressiveMetronome;
			};
			name = Debug;
		};
		388DDC382436C16000E03138 /* Release */ = {
			isa = XCBuildConfiguration;
			buildSettings = {
				ALWAYS_EMBED_SWIFT_STANDARD_LIBRARIES = YES;
				CODE_SIGN_STYLE = Automatic;
				DEVELOPMENT_TEAM = NPX6WTX5FR;
				INFOPLIST_FILE = ProgressiveMetronomeUITests/Info.plist;
				LD_RUNPATH_SEARCH_PATHS = (
					"$(inherited)",
					"@executable_path/Frameworks",
					"@loader_path/Frameworks",
				);
				PRODUCT_BUNDLE_IDENTIFIER = com.MichaelCondon.ProgressiveMetronomeUITests;
				PRODUCT_NAME = "$(TARGET_NAME)";
				SWIFT_VERSION = 5.0;
				TARGETED_DEVICE_FAMILY = "1,2";
				TEST_TARGET_NAME = ProgressiveMetronome;
			};
			name = Release;
		};
/* End XCBuildConfiguration section */

/* Begin XCConfigurationList section */
		388DDBFE2436C15E00E03138 /* Build configuration list for PBXProject "ProgressiveMetronome" */ = {
			isa = XCConfigurationList;
			buildConfigurations = (
				388DDC2E2436C16000E03138 /* Debug */,
				388DDC2F2436C16000E03138 /* Release */,
			);
			defaultConfigurationIsVisible = 0;
			defaultConfigurationName = Release;
		};
		388DDC302436C16000E03138 /* Build configuration list for PBXNativeTarget "ProgressiveMetronome" */ = {
			isa = XCConfigurationList;
			buildConfigurations = (
				388DDC312436C16000E03138 /* Debug */,
				388DDC322436C16000E03138 /* Release */,
			);
			defaultConfigurationIsVisible = 0;
			defaultConfigurationName = Release;
		};
		388DDC332436C16000E03138 /* Build configuration list for PBXNativeTarget "ProgressiveMetronomeTests" */ = {
			isa = XCConfigurationList;
			buildConfigurations = (
				388DDC342436C16000E03138 /* Debug */,
				388DDC352436C16000E03138 /* Release */,
			);
			defaultConfigurationIsVisible = 0;
			defaultConfigurationName = Release;
		};
		388DDC362436C16000E03138 /* Build configuration list for PBXNativeTarget "ProgressiveMetronomeUITests" */ = {
			isa = XCConfigurationList;
			buildConfigurations = (
				388DDC372436C16000E03138 /* Debug */,
				388DDC382436C16000E03138 /* Release */,
			);
			defaultConfigurationIsVisible = 0;
			defaultConfigurationName = Release;
		};
/* End XCConfigurationList section */

/* Begin XCVersionGroup section */
		388DDC0A2436C15E00E03138 /* ProgressiveMetronome.xcdatamodeld */ = {
			isa = XCVersionGroup;
			children = (
				388DDC0B2436C15E00E03138 /* ProgressiveMetronome.xcdatamodel */,
			);
			currentVersion = 388DDC0B2436C15E00E03138 /* ProgressiveMetronome.xcdatamodel */;
			path = ProgressiveMetronome.xcdatamodeld;
			sourceTree = "<group>";
			versionGroupType = wrapper.xcdatamodel;
		};
/* End XCVersionGroup section */
	};
	rootObject = 388DDBFB2436C15E00E03138 /* Project object */;
}
